// !$*UTF8*$!
{
	archiveVersion = 1;
	classes = {
	};
	objectVersion = 77;
	objects = {

/* Begin PBXBuildFile section */
		38143C542D775CF400AF6968 /* Aptabase in Frameworks */ = {isa = PBXBuildFile; productRef = 38143C532D775CF400AF6968 /* Aptabase */; };
/* End PBXBuildFile section */

/* Begin PBXContainerItemProxy section */
		38143C322D77052000AF6968 /* PBXContainerItemProxy */ = {
			isa = PBXContainerItemProxy;
			containerPortal = 38143C182D77051F00AF6968 /* Project object */;
			proxyType = 1;
			remoteGlobalIDString = 38143C1F2D77051F00AF6968;
			remoteInfo = Convertr;
		};
		38143C3C2D77052000AF6968 /* PBXContainerItemProxy */ = {
			isa = PBXContainerItemProxy;
			containerPortal = 38143C182D77051F00AF6968 /* Project object */;
			proxyType = 1;
			remoteGlobalIDString = 38143C1F2D77051F00AF6968;
			remoteInfo = Convertr;
		};
/* End PBXContainerItemProxy section */

/* Begin PBXFileReference section */
		38143C202D77051F00AF6968 /* Convertr.app */ = {isa = PBXFileReference; explicitFileType = wrapper.application; includeInIndex = 0; path = Convertr.app; sourceTree = BUILT_PRODUCTS_DIR; };
		38143C312D77052000AF6968 /* ConvertrTests.xctest */ = {isa = PBXFileReference; explicitFileType = wrapper.cfbundle; includeInIndex = 0; path = ConvertrTests.xctest; sourceTree = BUILT_PRODUCTS_DIR; };
		38143C3B2D77052000AF6968 /* ConvertrUITests.xctest */ = {isa = PBXFileReference; explicitFileType = wrapper.cfbundle; includeInIndex = 0; path = ConvertrUITests.xctest; sourceTree = BUILT_PRODUCTS_DIR; };
/* End PBXFileReference section */

/* Begin PBXFileSystemSynchronizedRootGroup section */
		38143C222D77051F00AF6968 /* Convertr */ = {
			isa = PBXFileSystemSynchronizedRootGroup;
			path = Convertr;
			sourceTree = "<group>";
		};
		38143C342D77052000AF6968 /* ConvertrTests */ = {
			isa = PBXFileSystemSynchronizedRootGroup;
			path = ConvertrTests;
			sourceTree = "<group>";
		};
		38143C3E2D77052000AF6968 /* ConvertrUITests */ = {
			isa = PBXFileSystemSynchronizedRootGroup;
			path = ConvertrUITests;
			sourceTree = "<group>";
		};
/* End PBXFileSystemSynchronizedRootGroup section */

/* Begin PBXFrameworksBuildPhase section */
		38143C1D2D77051F00AF6968 /* Frameworks */ = {
			isa = PBXFrameworksBuildPhase;
			buildActionMask = 2147483647;
			files = (
				38143C542D775CF400AF6968 /* Aptabase in Frameworks */,
			);
			runOnlyForDeploymentPostprocessing = 0;
		};
		38143C2E2D77052000AF6968 /* Frameworks */ = {
			isa = PBXFrameworksBuildPhase;
			buildActionMask = 2147483647;
			files = (
			);
			runOnlyForDeploymentPostprocessing = 0;
		};
		38143C382D77052000AF6968 /* Frameworks */ = {
			isa = PBXFrameworksBuildPhase;
			buildActionMask = 2147483647;
			files = (
			);
			runOnlyForDeploymentPostprocessing = 0;
		};
/* End PBXFrameworksBuildPhase section */

/* Begin PBXGroup section */
		38143C172D77051F00AF6968 = {
			isa = PBXGroup;
			children = (
				38143C222D77051F00AF6968 /* Convertr */,
				38143C342D77052000AF6968 /* ConvertrTests */,
				38143C3E2D77052000AF6968 /* ConvertrUITests */,
				38143C212D77051F00AF6968 /* Products */,
			);
			sourceTree = "<group>";
		};
		38143C212D77051F00AF6968 /* Products */ = {
			isa = PBXGroup;
			children = (
				38143C202D77051F00AF6968 /* Convertr.app */,
				38143C312D77052000AF6968 /* ConvertrTests.xctest */,
				38143C3B2D77052000AF6968 /* ConvertrUITests.xctest */,
			);
			name = Products;
			sourceTree = "<group>";
		};
/* End PBXGroup section */

/* Begin PBXNativeTarget section */
		38143C1F2D77051F00AF6968 /* Convertr */ = {
			isa = PBXNativeTarget;
			buildConfigurationList = 38143C452D77052000AF6968 /* Build configuration list for PBXNativeTarget "Convertr" */;
			buildPhases = (
				38143C1C2D77051F00AF6968 /* Sources */,
				38143C1D2D77051F00AF6968 /* Frameworks */,
				38143C1E2D77051F00AF6968 /* Resources */,
			);
			buildRules = (
			);
			dependencies = (
			);
			fileSystemSynchronizedGroups = (
				38143C222D77051F00AF6968 /* Convertr */,
			);
			name = Convertr;
			packageProductDependencies = (
				38143C532D775CF400AF6968 /* Aptabase */,
			);
			productName = Convertr;
			productReference = 38143C202D77051F00AF6968 /* Convertr.app */;
			productType = "com.apple.product-type.application";
		};
		38143C302D77052000AF6968 /* ConvertrTests */ = {
			isa = PBXNativeTarget;
			buildConfigurationList = 38143C482D77052000AF6968 /* Build configuration list for PBXNativeTarget "ConvertrTests" */;
			buildPhases = (
				38143C2D2D77052000AF6968 /* Sources */,
				38143C2E2D77052000AF6968 /* Frameworks */,
				38143C2F2D77052000AF6968 /* Resources */,
			);
			buildRules = (
			);
			dependencies = (
				38143C332D77052000AF6968 /* PBXTargetDependency */,
			);
			fileSystemSynchronizedGroups = (
				38143C342D77052000AF6968 /* ConvertrTests */,
			);
			name = ConvertrTests;
			packageProductDependencies = (
			);
			productName = ConvertrTests;
			productReference = 38143C312D77052000AF6968 /* ConvertrTests.xctest */;
			productType = "com.apple.product-type.bundle.unit-test";
		};
		38143C3A2D77052000AF6968 /* ConvertrUITests */ = {
			isa = PBXNativeTarget;
			buildConfigurationList = 38143C4B2D77052000AF6968 /* Build configuration list for PBXNativeTarget "ConvertrUITests" */;
			buildPhases = (
				38143C372D77052000AF6968 /* Sources */,
				38143C382D77052000AF6968 /* Frameworks */,
				38143C392D77052000AF6968 /* Resources */,
			);
			buildRules = (
			);
			dependencies = (
				38143C3D2D77052000AF6968 /* PBXTargetDependency */,
			);
			fileSystemSynchronizedGroups = (
				38143C3E2D77052000AF6968 /* ConvertrUITests */,
			);
			name = ConvertrUITests;
			packageProductDependencies = (
			);
			productName = ConvertrUITests;
			productReference = 38143C3B2D77052000AF6968 /* ConvertrUITests.xctest */;
			productType = "com.apple.product-type.bundle.ui-testing";
		};
/* End PBXNativeTarget section */

/* Begin PBXProject section */
		38143C182D77051F00AF6968 /* Project object */ = {
			isa = PBXProject;
			attributes = {
				BuildIndependentTargetsInParallel = 1;
				LastSwiftUpdateCheck = 1620;
				LastUpgradeCheck = 1620;
				TargetAttributes = {
					38143C1F2D77051F00AF6968 = {
						CreatedOnToolsVersion = 16.2;
					};
					38143C302D77052000AF6968 = {
						CreatedOnToolsVersion = 16.2;
						TestTargetID = 38143C1F2D77051F00AF6968;
					};
					38143C3A2D77052000AF6968 = {
						CreatedOnToolsVersion = 16.2;
						TestTargetID = 38143C1F2D77051F00AF6968;
					};
				};
			};
			buildConfigurationList = 38143C1B2D77051F00AF6968 /* Build configuration list for PBXProject "Convertr" */;
			developmentRegion = en;
			hasScannedForEncodings = 0;
			knownRegions = (
				en,
				Base,
			);
			mainGroup = 38143C172D77051F00AF6968;
			minimizedProjectReferenceProxies = 1;
			packageReferences = (
				38143C522D775CF400AF6968 /* XCRemoteSwiftPackageReference "aptabase-swift" */,
			);
			preferredProjectObjectVersion = 77;
			productRefGroup = 38143C212D77051F00AF6968 /* Products */;
			projectDirPath = "";
			projectRoot = "";
			targets = (
				38143C1F2D77051F00AF6968 /* Convertr */,
				38143C302D77052000AF6968 /* ConvertrTests */,
				38143C3A2D77052000AF6968 /* ConvertrUITests */,
			);
		};
/* End PBXProject section */

/* Begin PBXResourcesBuildPhase section */
		38143C1E2D77051F00AF6968 /* Resources */ = {
			isa = PBXResourcesBuildPhase;
			buildActionMask = 2147483647;
			files = (
			);
			runOnlyForDeploymentPostprocessing = 0;
		};
		38143C2F2D77052000AF6968 /* Resources */ = {
			isa = PBXResourcesBuildPhase;
			buildActionMask = 2147483647;
			files = (
			);
			runOnlyForDeploymentPostprocessing = 0;
		};
		38143C392D77052000AF6968 /* Resources */ = {
			isa = PBXResourcesBuildPhase;
			buildActionMask = 2147483647;
			files = (
			);
			runOnlyForDeploymentPostprocessing = 0;
		};
/* End PBXResourcesBuildPhase section */

/* Begin PBXSourcesBuildPhase section */
		38143C1C2D77051F00AF6968 /* Sources */ = {
			isa = PBXSourcesBuildPhase;
			buildActionMask = 2147483647;
			files = (
			);
			runOnlyForDeploymentPostprocessing = 0;
		};
		38143C2D2D77052000AF6968 /* Sources */ = {
			isa = PBXSourcesBuildPhase;
			buildActionMask = 2147483647;
			files = (
			);
			runOnlyForDeploymentPostprocessing = 0;
		};
		38143C372D77052000AF6968 /* Sources */ = {
			isa = PBXSourcesBuildPhase;
			buildActionMask = 2147483647;
			files = (
			);
			runOnlyForDeploymentPostprocessing = 0;
		};
/* End PBXSourcesBuildPhase section */

/* Begin PBXTargetDependency section */
		38143C332D77052000AF6968 /* PBXTargetDependency */ = {
			isa = PBXTargetDependency;
			target = 38143C1F2D77051F00AF6968 /* Convertr */;
			targetProxy = 38143C322D77052000AF6968 /* PBXContainerItemProxy */;
		};
		38143C3D2D77052000AF6968 /* PBXTargetDependency */ = {
			isa = PBXTargetDependency;
			target = 38143C1F2D77051F00AF6968 /* Convertr */;
			targetProxy = 38143C3C2D77052000AF6968 /* PBXContainerItemProxy */;
		};
/* End PBXTargetDependency section */

/* Begin XCBuildConfiguration section */
		38143C432D77052000AF6968 /* Debug */ = {
			isa = XCBuildConfiguration;
			buildSettings = {
				ALWAYS_SEARCH_USER_PATHS = NO;
				ASSETCATALOG_COMPILER_GENERATE_SWIFT_ASSET_SYMBOL_EXTENSIONS = YES;
				CLANG_ANALYZER_NONNULL = YES;
				CLANG_ANALYZER_NUMBER_OBJECT_CONVERSION = YES_AGGRESSIVE;
				CLANG_CXX_LANGUAGE_STANDARD = "gnu++20";
				CLANG_ENABLE_MODULES = YES;
				CLANG_ENABLE_OBJC_ARC = YES;
				CLANG_ENABLE_OBJC_WEAK = YES;
				CLANG_WARN_BLOCK_CAPTURE_AUTORELEASING = YES;
				CLANG_WARN_BOOL_CONVERSION = YES;
				CLANG_WARN_COMMA = YES;
				CLANG_WARN_CONSTANT_CONVERSION = YES;
				CLANG_WARN_DEPRECATED_OBJC_IMPLEMENTATIONS = YES;
				CLANG_WARN_DIRECT_OBJC_ISA_USAGE = YES_ERROR;
				CLANG_WARN_DOCUMENTATION_COMMENTS = YES;
				CLANG_WARN_EMPTY_BODY = YES;
				CLANG_WARN_ENUM_CONVERSION = YES;
				CLANG_WARN_INFINITE_RECURSION = YES;
				CLANG_WARN_INT_CONVERSION = YES;
				CLANG_WARN_NON_LITERAL_NULL_CONVERSION = YES;
				CLANG_WARN_OBJC_IMPLICIT_RETAIN_SELF = YES;
				CLANG_WARN_OBJC_LITERAL_CONVERSION = YES;
				CLANG_WARN_OBJC_ROOT_CLASS = YES_ERROR;
				CLANG_WARN_QUOTED_INCLUDE_IN_FRAMEWORK_HEADER = YES;
				CLANG_WARN_RANGE_LOOP_ANALYSIS = YES;
				CLANG_WARN_STRICT_PROTOTYPES = YES;
				CLANG_WARN_SUSPICIOUS_MOVE = YES;
				CLANG_WARN_UNGUARDED_AVAILABILITY = YES_AGGRESSIVE;
				CLANG_WARN_UNREACHABLE_CODE = YES;
				CLANG_WARN__DUPLICATE_METHOD_MATCH = YES;
				COPY_PHASE_STRIP = NO;
				DEBUG_INFORMATION_FORMAT = dwarf;
				ENABLE_STRICT_OBJC_MSGSEND = YES;
				ENABLE_TESTABILITY = YES;
				ENABLE_USER_SCRIPT_SANDBOXING = YES;
				GCC_C_LANGUAGE_STANDARD = gnu17;
				GCC_DYNAMIC_NO_PIC = NO;
				GCC_NO_COMMON_BLOCKS = YES;
				GCC_OPTIMIZATION_LEVEL = 0;
				GCC_PREPROCESSOR_DEFINITIONS = (
					"DEBUG=1",
					"$(inherited)",
				);
				GCC_WARN_64_TO_32_BIT_CONVERSION = YES;
				GCC_WARN_ABOUT_RETURN_TYPE = YES_ERROR;
				GCC_WARN_UNDECLARED_SELECTOR = YES;
				GCC_WARN_UNINITIALIZED_AUTOS = YES_AGGRESSIVE;
				GCC_WARN_UNUSED_FUNCTION = YES;
				GCC_WARN_UNUSED_VARIABLE = YES;
				LOCALIZATION_PREFERS_STRING_CATALOGS = YES;
				MACOSX_DEPLOYMENT_TARGET = 15.2;
				MTL_ENABLE_DEBUG_INFO = INCLUDE_SOURCE;
				MTL_FAST_MATH = YES;
				ONLY_ACTIVE_ARCH = YES;
				SDKROOT = macosx;
				SWIFT_ACTIVE_COMPILATION_CONDITIONS = "DEBUG $(inherited)";
				SWIFT_OPTIMIZATION_LEVEL = "-Onone";
			};
			name = Debug;
		};
		38143C442D77052000AF6968 /* Release */ = {
			isa = XCBuildConfiguration;
			buildSettings = {
				ALWAYS_SEARCH_USER_PATHS = NO;
				ASSETCATALOG_COMPILER_GENERATE_SWIFT_ASSET_SYMBOL_EXTENSIONS = YES;
				CLANG_ANALYZER_NONNULL = YES;
				CLANG_ANALYZER_NUMBER_OBJECT_CONVERSION = YES_AGGRESSIVE;
				CLANG_CXX_LANGUAGE_STANDARD = "gnu++20";
				CLANG_ENABLE_MODULES = YES;
				CLANG_ENABLE_OBJC_ARC = YES;
				CLANG_ENABLE_OBJC_WEAK = YES;
				CLANG_WARN_BLOCK_CAPTURE_AUTORELEASING = YES;
				CLANG_WARN_BOOL_CONVERSION = YES;
				CLANG_WARN_COMMA = YES;
				CLANG_WARN_CONSTANT_CONVERSION = YES;
				CLANG_WARN_DEPRECATED_OBJC_IMPLEMENTATIONS = YES;
				CLANG_WARN_DIRECT_OBJC_ISA_USAGE = YES_ERROR;
				CLANG_WARN_DOCUMENTATION_COMMENTS = YES;
				CLANG_WARN_EMPTY_BODY = YES;
				CLANG_WARN_ENUM_CONVERSION = YES;
				CLANG_WARN_INFINITE_RECURSION = YES;
				CLANG_WARN_INT_CONVERSION = YES;
				CLANG_WARN_NON_LITERAL_NULL_CONVERSION = YES;
				CLANG_WARN_OBJC_IMPLICIT_RETAIN_SELF = YES;
				CLANG_WARN_OBJC_LITERAL_CONVERSION = YES;
				CLANG_WARN_OBJC_ROOT_CLASS = YES_ERROR;
				CLANG_WARN_QUOTED_INCLUDE_IN_FRAMEWORK_HEADER = YES;
				CLANG_WARN_RANGE_LOOP_ANALYSIS = YES;
				CLANG_WARN_STRICT_PROTOTYPES = YES;
				CLANG_WARN_SUSPICIOUS_MOVE = YES;
				CLANG_WARN_UNGUARDED_AVAILABILITY = YES_AGGRESSIVE;
				CLANG_WARN_UNREACHABLE_CODE = YES;
				CLANG_WARN__DUPLICATE_METHOD_MATCH = YES;
				COPY_PHASE_STRIP = NO;
				DEBUG_INFORMATION_FORMAT = "dwarf-with-dsym";
				ENABLE_NS_ASSERTIONS = NO;
				ENABLE_STRICT_OBJC_MSGSEND = YES;
				ENABLE_USER_SCRIPT_SANDBOXING = YES;
				GCC_C_LANGUAGE_STANDARD = gnu17;
				GCC_NO_COMMON_BLOCKS = YES;
				GCC_WARN_64_TO_32_BIT_CONVERSION = YES;
				GCC_WARN_ABOUT_RETURN_TYPE = YES_ERROR;
				GCC_WARN_UNDECLARED_SELECTOR = YES;
				GCC_WARN_UNINITIALIZED_AUTOS = YES_AGGRESSIVE;
				GCC_WARN_UNUSED_FUNCTION = YES;
				GCC_WARN_UNUSED_VARIABLE = YES;
				LOCALIZATION_PREFERS_STRING_CATALOGS = YES;
				MACOSX_DEPLOYMENT_TARGET = 15.2;
				MTL_ENABLE_DEBUG_INFO = NO;
				MTL_FAST_MATH = YES;
				SDKROOT = macosx;
				SWIFT_COMPILATION_MODE = wholemodule;
			};
			name = Release;
		};
		38143C462D77052000AF6968 /* Debug */ = {
			isa = XCBuildConfiguration;
			buildSettings = {
				ASSETCATALOG_COMPILER_APPICON_NAME = AppIcon;
				ASSETCATALOG_COMPILER_GLOBAL_ACCENT_COLOR_NAME = AccentColor;
				CODE_SIGN_ENTITLEMENTS = Convertr/Convertr.entitlements;
				CODE_SIGN_STYLE = Automatic;
				COMBINE_HIDPI_IMAGES = YES;
				CURRENT_PROJECT_VERSION = 1;
				DEVELOPMENT_ASSET_PATHS = "\"Convertr/Preview Content\"";
				DEVELOPMENT_TEAM = X5933694SW;
				ENABLE_HARDENED_RUNTIME = YES;
				ENABLE_PREVIEWS = YES;
				GENERATE_INFOPLIST_FILE = YES;
				INFOPLIST_KEY_NSHumanReadableCopyright = "";
				LD_RUNPATH_SEARCH_PATHS = (
					"$(inherited)",
					"@executable_path/../Frameworks",
				);
				MARKETING_VERSION = 1.0;
				PRODUCT_BUNDLE_IDENTIFIER = com.nagel.Convertr;
				PRODUCT_NAME = "$(TARGET_NAME)";
				SWIFT_EMIT_LOC_STRINGS = YES;
				SWIFT_VERSION = 5.0;
			};
			name = Debug;
		};
		38143C472D77052000AF6968 /* Release */ = {
			isa = XCBuildConfiguration;
			buildSettings = {
				ASSETCATALOG_COMPILER_APPICON_NAME = AppIcon;
				ASSETCATALOG_COMPILER_GLOBAL_ACCENT_COLOR_NAME = AccentColor;
				CODE_SIGN_ENTITLEMENTS = Convertr/Convertr.entitlements;
				CODE_SIGN_STYLE = Automatic;
				COMBINE_HIDPI_IMAGES = YES;
				CURRENT_PROJECT_VERSION = 1;
				DEVELOPMENT_ASSET_PATHS = "\"Convertr/Preview Content\"";
				DEVELOPMENT_TEAM = X5933694SW;
				ENABLE_HARDENED_RUNTIME = YES;
				ENABLE_PREVIEWS = YES;
				GENERATE_INFOPLIST_FILE = YES;
				INFOPLIST_KEY_NSHumanReadableCopyright = "";
				LD_RUNPATH_SEARCH_PATHS = (
					"$(inherited)",
					"@executable_path/../Frameworks",
				);
				MARKETING_VERSION = 1.0;
				PRODUCT_BUNDLE_IDENTIFIER = com.nagel.Convertr;
				PRODUCT_NAME = "$(TARGET_NAME)";
				SWIFT_EMIT_LOC_STRINGS = YES;
				SWIFT_VERSION = 5.0;
			};
			name = Release;
		};
		38143C492D77052000AF6968 /* Debug */ = {
			isa = XCBuildConfiguration;
			buildSettings = {
				BUNDLE_LOADER = "$(TEST_HOST)";
				CODE_SIGN_STYLE = Automatic;
				CURRENT_PROJECT_VERSION = 1;
				DEVELOPMENT_TEAM = X5933694SW;
				GENERATE_INFOPLIST_FILE = YES;
				MACOSX_DEPLOYMENT_TARGET = 15.2;
				MARKETING_VERSION = 1.0;
				PRODUCT_BUNDLE_IDENTIFIER = com.nagel.ConvertrTests;
				PRODUCT_NAME = "$(TARGET_NAME)";
				SWIFT_EMIT_LOC_STRINGS = NO;
				SWIFT_VERSION = 5.0;
				TEST_HOST = "$(BUILT_PRODUCTS_DIR)/Convertr.app/$(BUNDLE_EXECUTABLE_FOLDER_PATH)/Convertr";
			};
			name = Debug;
		};
		38143C4A2D77052000AF6968 /* Release */ = {
			isa = XCBuildConfiguration;
			buildSettings = {
				BUNDLE_LOADER = "$(TEST_HOST)";
				CODE_SIGN_STYLE = Automatic;
				CURRENT_PROJECT_VERSION = 1;
				DEVELOPMENT_TEAM = X5933694SW;
				GENERATE_INFOPLIST_FILE = YES;
				MACOSX_DEPLOYMENT_TARGET = 15.2;
				MARKETING_VERSION = 1.0;
				PRODUCT_BUNDLE_IDENTIFIER = com.nagel.ConvertrTests;
				PRODUCT_NAME = "$(TARGET_NAME)";
				SWIFT_EMIT_LOC_STRINGS = NO;
				SWIFT_VERSION = 5.0;
				TEST_HOST = "$(BUILT_PRODUCTS_DIR)/Convertr.app/$(BUNDLE_EXECUTABLE_FOLDER_PATH)/Convertr";
			};
			name = Release;
		};
		38143C4C2D77052000AF6968 /* Debug */ = {
			isa = XCBuildConfiguration;
			buildSettings = {
				CODE_SIGN_STYLE = Automatic;
				CURRENT_PROJECT_VERSION = 1;
				DEVELOPMENT_TEAM = X5933694SW;
				GENERATE_INFOPLIST_FILE = YES;
				MARKETING_VERSION = 1.0;
				PRODUCT_BUNDLE_IDENTIFIER = com.nagel.ConvertrUITests;
				PRODUCT_NAME = "$(TARGET_NAME)";
				SWIFT_EMIT_LOC_STRINGS = NO;
				SWIFT_VERSION = 5.0;
				TEST_TARGET_NAME = Convertr;
			};
			name = Debug;
		};
		38143C4D2D77052000AF6968 /* Release */ = {
			isa = XCBuildConfiguration;
			buildSettings = {
				CODE_SIGN_STYLE = Automatic;
				CURRENT_PROJECT_VERSION = 1;
				DEVELOPMENT_TEAM = X5933694SW;
				GENERATE_INFOPLIST_FILE = YES;
				MARKETING_VERSION = 1.0;
				PRODUCT_BUNDLE_IDENTIFIER = com.nagel.ConvertrUITests;
				PRODUCT_NAME = "$(TARGET_NAME)";
				SWIFT_EMIT_LOC_STRINGS = NO;
				SWIFT_VERSION = 5.0;
				TEST_TARGET_NAME = Convertr;
			};
			name = Release;
		};
/* End XCBuildConfiguration section */

/* Begin XCConfigurationList section */
		38143C1B2D77051F00AF6968 /* Build configuration list for PBXProject "Convertr" */ = {
			isa = XCConfigurationList;
			buildConfigurations = (
				38143C432D77052000AF6968 /* Debug */,
				38143C442D77052000AF6968 /* Release */,
			);
			defaultConfigurationIsVisible = 0;
			defaultConfigurationName = Release;
		};
		38143C452D77052000AF6968 /* Build configuration list for PBXNativeTarget "Convertr" */ = {
			isa = XCConfigurationList;
			buildConfigurations = (
				38143C462D77052000AF6968 /* Debug */,
				38143C472D77052000AF6968 /* Release */,
			);
			defaultConfigurationIsVisible = 0;
			defaultConfigurationName = Release;
		};
		38143C482D77052000AF6968 /* Build configuration list for PBXNativeTarget "ConvertrTests" */ = {
			isa = XCConfigurationList;
			buildConfigurations = (
				38143C492D77052000AF6968 /* Debug */,
				38143C4A2D77052000AF6968 /* Release */,
			);
			defaultConfigurationIsVisible = 0;
			defaultConfigurationName = Release;
		};
		38143C4B2D77052000AF6968 /* Build configuration list for PBXNativeTarget "ConvertrUITests" */ = {
			isa = XCConfigurationList;
			buildConfigurations = (
				38143C4C2D77052000AF6968 /* Debug */,
				38143C4D2D77052000AF6968 /* Release */,
			);
			defaultConfigurationIsVisible = 0;
			defaultConfigurationName = Release;
		};
/* End XCConfigurationList section */

/* Begin XCRemoteSwiftPackageReference section */
		38143C522D775CF400AF6968 /* XCRemoteSwiftPackageReference "aptabase-swift" */ = {
			isa = XCRemoteSwiftPackageReference;
			repositoryURL = "https://github.com/hannesmnagel/aptabase-swift.git";
			requirement = {
				branch = main;
				kind = branch;
			};
		};
/* End XCRemoteSwiftPackageReference section */

/* Begin XCSwiftPackageProductDependency section */
		38143C532D775CF400AF6968 /* Aptabase */ = {
			isa = XCSwiftPackageProductDependency;
			package = 38143C522D775CF400AF6968 /* XCRemoteSwiftPackageReference "aptabase-swift" */;
			productName = Aptabase;
		};
/* End XCSwiftPackageProductDependency section */
	};
	rootObject = 38143C182D77051F00AF6968 /* Project object */;
}
